
Microsoft Visual Studio Solution File, Format Version 12.00
# Visual Studio Version 17
VisualStudioVersion = 17.12.35514.174 d17.12
MinimumVisualStudioVersion = 10.0.40219.1
Project("{FAE04EC0-301F-11D3-BF4B-00C04F79EFBC}") = "WinFormsAppQuiz", "WinFormsAppQuiz\WinFormsAppQuiz.csproj", "{FA767373-4AC7-42EE-AAE1-524EB032F8F7}"
EndProject
Global
	GlobalSection(SolutionConfigurationPlatforms) = preSolution
		Debug|Any CPU = Debug|Any CPU
		Release|Any CPU = Release|Any CPU
	EndGlobalSection
	GlobalSection(ProjectConfigurationPlatforms) = postSolution
		{FA767373-4AC7-42EE-AAE1-524EB032F8F7}.Debug|Any CPU.ActiveCfg = Debug|Any CPU
		{FA767373-4AC7-42EE-AAE1-524EB032F8F7}.Debug|Any CPU.Build.0 = Debug|Any CPU
		{FA767373-4AC7-42EE-AAE1-524EB032F8F7}.Release|Any CPU.ActiveCfg = Release|Any CPU
		{FA767373-4AC7-42EE-AAE1-524EB032F8F7}.Release|Any CPU.Build.0 = Release|Any CPU
	EndGlobalSection
	GlobalSection(SolutionProperties) = preSolution
		HideSolutionNode = FALSE
	EndGlobalSection
EndGlobal
